
Microsoft Visual Studio Solution File, Format Version 12.00
# Visual Studio Version 16
VisualStudioVersion = 16.0.31729.503
MinimumVisualStudioVersion = 10.0.40219.1
Project("{FAE04EC0-301F-11D3-BF4B-00C04F79EFBC}") = "Banking Console Application", "Banking Console Application\Banking Console Application.csproj", "{C8656CFD-1FDB-4863-9017-01C4C8F1E00E}"
EndProject
Global
	GlobalSection(SolutionConfigurationPlatforms) = preSolution
		Debug|Any CPU = Debug|Any CPU
		Release|Any CPU = Release|Any CPU
	EndGlobalSection
	GlobalSection(ProjectConfigurationPlatforms) = postSolution
		{C8656CFD-1FDB-4863-9017-01C4C8F1E00E}.Debug|Any CPU.ActiveCfg = Debug|Any CPU
		{C8656CFD-1FDB-4863-9017-01C4C8F1E00E}.Debug|Any CPU.Build.0 = Debug|Any CPU
		{C8656CFD-1FDB-4863-9017-01C4C8F1E00E}.Release|Any CPU.ActiveCfg = Release|Any CPU
		{C8656CFD-1FDB-4863-9017-01C4C8F1E00E}.Release|Any CPU.Build.0 = Release|Any CPU
	EndGlobalSection
	GlobalSection(SolutionProperties) = preSolution
		HideSolutionNode = FALSE
	EndGlobalSection
	GlobalSection(ExtensibilityGlobals) = postSolution
		SolutionGuid = {85728EE3-32B8-4A76-B930-2F97A517765B}
	EndGlobalSection
EndGlobal
